{
  "lockfileVersion": 1,
  "workspaces": {
    "": {
      "dependencies": {
        "p-limit": "^7.2.0",
      },
      "devDependencies": {
        "markdown-magic": "^4.9.0",
      },
    },
  },
  "packages": {
    "@davidwells/dx-args": ["@davidwells/dx-args@0.2.0", "", { "dependencies": { "is-glob": "^4.0.3", "is-valid-path": "^0.1.1", "mri": "^1.2.0", "oparser": "^3.1.0" }, "bin": { "dx-args": "src/index.js" } }, "sha512-b+vtSSxc4GHhjPInZBQFhajFQGS8YDfk1i0EHvaUe5UJVowEf9VL65jBRXZkaMDuVKrFrsgp0N5Nm4K609WYgQ=="],

    "@davidwells/md-utils": ["@davidwells/md-utils@0.0.53", "", { "dependencies": { "gray-matter": "^4.0.3", "micro-mdx-parser": "^1.1.1", "oparser": "^3.0.1" } }, "sha512-qAF7lvZ8ZduJQ/9SPfhlYU03/bPdG3g9IQVmfGzPvi0XM5EJPj/8cUMf5bcoIREF1P2nz82LYeFGHTXQ0slJbg=="],

    "ansi-regex": ["ansi-regex@5.0.1", "", {}, "sha512-quJQXlTSUGL2LH9SUXo8VwsY4soanhgo6LNSm84E1LBcE8s3O0wpdiRzyR9z/ZZJMlMWv37qOOb9pdJlMUEKFQ=="],

    "ansi-styles": ["ansi-styles@4.3.0", "", { "dependencies": { "color-convert": "^2.0.1" } }, "sha512-zbB9rCJAT1rbjiVDb2hqKFHNYLxgtk8NURxZ3IZwD3F6NtxbXZQCnnSi1Lkx+IDohdPlFp222wVALIheZJQSEg=="],

    "argparse": ["argparse@1.0.10", "", { "dependencies": { "sprintf-js": "~1.0.2" } }, "sha512-o5Roy6tNG4SL/FOkCAN6RzjiakZS25RLYFrcMttJqbdd8BWrnA+fGz57iN5Pb06pvBGvl5gQ0B48dJlslXvoTg=="],

    "cliui": ["cliui@7.0.4", "", { "dependencies": { "string-width": "^4.2.0", "strip-ansi": "^6.0.0", "wrap-ansi": "^7.0.0" } }, "sha512-OcRE68cOsVMXp1Yvonl/fzkQOyjLSu/8bhPDfQt0e0/Eb283TKP20Fs2MqoPsr9SwA595rRCA+QMzYc9nBP+JQ=="],

    "color-convert": ["color-convert@2.0.1", "", { "dependencies": { "color-name": "~1.1.4" } }, "sha512-RRECPsj7iu/xb5oKYcsFHSppFNnsj/52OVTRKb4zP5onXwVF3zVmmToNcOfGC+CRDpfK/U584fMg38ZHCaElKQ=="],

    "color-name": ["color-name@1.1.4", "", {}, "sha512-dOy+3AuW3a2wNbZHIuMZpTcgjGuLU/uBL/ubcZF9OXbDo8ff4O8yVp5Bf0efS8uEoYo5q4Fx7dY9OgQGXgAsQA=="],

    "comment-block-parser": ["comment-block-parser@1.6.0", "", { "dependencies": { "dedent": "^1.6.0", "mri": "^1.2.0", "oparser": "^3.1.0" }, "bin": { "comment-block-parser": "cli.js" } }, "sha512-aHMkm0J3DYfvoNmRE8oeG7QtmdX8yzJ1kNRy4TVjzDHMicF48ocXtcNBkqkjmk0ka46FZq/THEnmm6rT3Wk+1Q=="],

    "comment-block-replacer": ["comment-block-replacer@0.1.19", "", { "dependencies": { "comment-block-transformer": "0.8.0", "is-valid-path": "^0.1.1" } }, "sha512-5UjtvXqDZUSve4SI+NrrieX9QpF7rYAggdLSSFXfI3S7W7UgDrUYUJiOcXYGrAHvp2KIjPakjVM9mH3fjorSmA=="],

    "comment-block-transformer": ["comment-block-transformer@0.8.0", "", { "dependencies": { "comment-block-parser": "1.6.0" } }, "sha512-SJM5YLaFYp4vFh7PcacPvk/j7kyIQgJ3tdhMXuN5RodX/wKqjFmqI7fcdLQtCSVIc95gcD53bUkvx50TEU+z1w=="],

    "d": ["d@1.0.2", "", { "dependencies": { "es5-ext": "^0.10.64", "type": "^2.7.2" } }, "sha512-MOqHvMWF9/9MX6nza0KgvFH4HpMU0EF5uUDXqX/BtxtU8NfB0QzRtJ8Oe/6SuS4kbhyzVJwjd97EA4PKrzJ8bw=="],

    "dedent": ["dedent@1.7.2", "", { "peerDependencies": { "babel-plugin-macros": "^3.1.0" }, "optionalPeers": ["babel-plugin-macros"] }, "sha512-WzMx3mW98SN+zn3hgemf4OzdmyNhhhKz5Ay0pUfQiMQ3e1g+xmTJWp/pKdwKVXhdSkAEGIIzqeuWrL3mV/AXbA=="],

    "emoji-regex": ["emoji-regex@8.0.0", "", {}, "sha512-MSjYzcWNOA0ewAHpz0MxpYFvwg6yjy1NG3xteoqz644VCo/RPgnr1/GGt+ic3iJTzQ8Eu3TdM14SawnVUmGE6A=="],

    "es5-ext": ["es5-ext@0.10.64", "", { "dependencies": { "es6-iterator": "^2.0.3", "es6-symbol": "^3.1.3", "esniff": "^2.0.1", "next-tick": "^1.1.0" } }, "sha512-p2snDhiLaXe6dahss1LddxqEm+SkuDvV8dnIQG0MWjyHpcMNfXKPE+/Cc0y+PhxJX3A4xGNeFCj5oc0BUh6deg=="],

    "es6-iterator": ["es6-iterator@2.0.3", "", { "dependencies": { "d": "1", "es5-ext": "^0.10.35", "es6-symbol": "^3.1.1" } }, "sha512-zw4SRzoUkd+cl+ZoE15A9o1oQd920Bb0iOJMQkQhl3jNc03YqVjAhG7scf9C5KWRU/R13Orf588uCC6525o02g=="],

    "es6-symbol": ["es6-symbol@3.1.4", "", { "dependencies": { "d": "^1.0.2", "ext": "^1.7.0" } }, "sha512-U9bFFjX8tFiATgtkJ1zg25+KviIXpgRvRHS8sau3GfhVzThRQrOeksPeT0BWW2MNZs1OEWJ1DPXOQMn0KKRkvg=="],

    "es6-weak-map": ["es6-weak-map@2.0.3", "", { "dependencies": { "d": "1", "es5-ext": "^0.10.46", "es6-iterator": "^2.0.3", "es6-symbol": "^3.1.1" } }, "sha512-p5um32HOTO1kP+w7PRnB+5lQ43Z6muuMuIMffvDN8ZB4GcnjLBV6zGStpbASIMk4DCAvEaamhe2zhyCb/QXXsA=="],

    "escalade": ["escalade@3.2.0", "", {}, "sha512-WUj2qlxaQtO4g6Pq5c29GTcWGDyd8itL8zTlipgECz3JesAiiOKotd8JU6otB3PACgG6xkJUyVhboMS+bje/jA=="],

    "esniff": ["esniff@2.0.1", "", { "dependencies": { "d": "^1.0.1", "es5-ext": "^0.10.62", "event-emitter": "^0.3.5", "type": "^2.7.2" } }, "sha512-kTUIGKQ/mDPFoJ0oVfcmyJn4iBDRptjNVIzwIFR7tqWXdVI9xfA2RMwY/gbSpJG3lkdWNEjLap/NqVHZiJsdfg=="],

    "esprima": ["esprima@4.0.1", "", { "bin": { "esparse": "./bin/esparse.js", "esvalidate": "./bin/esvalidate.js" } }, "sha512-eGuFFw7Upda+g4p+QHvnW0RyTX/SVeJBDM/gCtMARO0cLuT2HcEKnTPvhjV6aGeqrCB/sbNop0Kszm0jsaWU4A=="],

    "event-emitter": ["event-emitter@0.3.5", "", { "dependencies": { "d": "1", "es5-ext": "~0.10.14" } }, "sha512-D9rRn9y7kLPnJ+hMq7S/nhvoKwwvVJahBi2BPmx3bvbsEdK3W9ii8cBSGjP+72/LnM4n6fo3+dkCX5FeTQruXA=="],

    "ext": ["ext@1.7.0", "", { "dependencies": { "type": "^2.7.2" } }, "sha512-6hxeJYaL110a9b5TEJSj0gojyHQAmA2ch5Os+ySCiA1QGdS697XWY1pzsrSjqA9LDEEgdB/KypIlR59RcLuHYw=="],

    "extend-shallow": ["extend-shallow@2.0.1", "", { "dependencies": { "is-extendable": "^0.1.0" } }, "sha512-zCnTtlxNoAiDc3gqY2aYAWFx7XWWiasuF2K8Me5WbN8otHKTUKBwjPtNpRs/rbUZm7KxWAaNj7P1a/p52GbVug=="],

    "get-caller-file": ["get-caller-file@2.0.5", "", {}, "sha512-DyFP3BM/3YHTQOCUL/w0OZHR0lpKeGrxotcHWcqNEdnltqFwXVfhEBQ94eIo34AfQpo0rGki4cyIiftY06h2Fg=="],

    "globalyzer": ["globalyzer@0.1.4", "", {}, "sha512-LeguVWaxgHN0MNbWC6YljNMzHkrCny9fzjmEUdnF1kQ7wATFD1RHFRqA1qxaX2tgxGENlcxjOflopBwj3YZiXA=="],

    "globrex": ["globrex@0.1.2", "", {}, "sha512-uHJgbwAMwNFf5mLst7IWLNg14x1CkeqglJb/K3doi4dw6q2IvAAmM/Y81kevy83wP+Sst+nutFTYOGg3d1lsxg=="],

    "gray-matter": ["gray-matter@4.0.3", "", { "dependencies": { "js-yaml": "^3.13.1", "kind-of": "^6.0.2", "section-matter": "^1.0.0", "strip-bom-string": "^1.0.0" } }, "sha512-5v6yZd4JK3eMI3FqqCouswVqwugaA9r4dNZB1wwcmrD02QkV5H0y7XBQW8QwQqEaZY1pM9aqORSORhJRdNK44Q=="],

    "is-extendable": ["is-extendable@0.1.1", "", {}, "sha512-5BMULNob1vgFX6EjQw5izWDxrecWK9AM72rugNr0TFldMOi0fj6Jk+zeKIt0xGj4cEfQIJth4w3OKWOJ4f+AFw=="],

    "is-extglob": ["is-extglob@2.1.1", "", {}, "sha512-SbKbANkN603Vi4jEZv49LeVJMn4yGwsbzZworEoyEiutsN3nJYdbO36zfhGJ6QEDpOZIFkDtnq5JRxmvl3jsoQ=="],

    "is-fullwidth-code-point": ["is-fullwidth-code-point@3.0.0", "", {}, "sha512-zymm5+u+sCsSWyD9qNaejV3DFvhCKclKdizYaJUuHA83RLjb7nSuGnddCHGv0hk+KY7BMAlsWeK4Ueg6EV6XQg=="],

    "is-glob": ["is-glob@4.0.3", "", { "dependencies": { "is-extglob": "^2.1.1" } }, "sha512-xelSayHH36ZgE7ZWhli7pW34hNbNl8Ojv5KVmkJD4hBdD3th8Tfk9vYasLM+mXWOZhFkgZfxhLSnrwRr4elSSg=="],

    "is-invalid-path": ["is-invalid-path@0.1.0", "", { "dependencies": { "is-glob": "^2.0.0" } }, "sha512-aZMG0T3F34mTg4eTdszcGXx54oiZ4NtHSft3hWNJMGJXUUqdIj3cOZuHcU0nCWWcY3jd7yRe/3AEm3vSNTpBGQ=="],

    "is-local-path": ["is-local-path@0.1.6", "", {}, "sha512-VPRTy+0cYi1+X7hOTngxwXGfek1I6YItNwqsqjFPfH+8bXcGNP17Zx7D3nsfiLsJF3fISsUJq8kBRCZ0yMNeAg=="],

    "is-promise": ["is-promise@2.2.2", "", {}, "sha512-+lP4/6lKUBfQjZ2pdxThZvLUAafmZb8OAxFb8XXtiQmS35INgr85hdOGoEs124ez1FCnZJt6jau/T+alh58QFQ=="],

    "is-valid-path": ["is-valid-path@0.1.1", "", { "dependencies": { "is-invalid-path": "^0.1.0" } }, "sha512-+kwPrVDu9Ms03L90Qaml+79+6DZHqHyRoANI6IsZJ/g8frhnfchDOBCa0RbQ6/kdHt5CS5OeIEyrYznNuVN+8A=="],

    "js-yaml": ["js-yaml@3.14.2", "", { "dependencies": { "argparse": "^1.0.7", "esprima": "^4.0.0" }, "bin": { "js-yaml": "bin/js-yaml.js" } }, "sha512-PMSmkqxr106Xa156c2M265Z+FTrPl+oxd/rgOQy2tijQeK5TxQ43psO1ZCwhVOSdnn+RzkzlRz/eY4BgJBYVpg=="],

    "json-alexander": ["json-alexander@0.1.14", "", {}, "sha512-gM2u2bGDQWCAplwKEOo39ETOxZspMYKSzkQPzZ2+bX2gIqOo0im9JjesAs9yKjIE2xDuwOqa5pLEJ/M/O4Mv3g=="],

    "kind-of": ["kind-of@6.0.3", "", {}, "sha512-dcS1ul+9tmeD95T+x28/ehLgd9mENa3LsvDTtzm3vyBEO7RPptvAD+t44WVXaUjTBRcrpFeFlC8WCruUR456hw=="],

    "lodash": ["lodash@4.18.1", "", {}, "sha512-dMInicTPVE8d1e5otfwmmjlxkZoUpiVLwyeTdUsi/Caj/gfzzblBcCE5sRHV/AsjuCmxWrte2TNGSYuCeCq+0Q=="],

    "lru-queue": ["lru-queue@0.1.0", "", { "dependencies": { "es5-ext": "~0.10.2" } }, "sha512-BpdYkt9EvGl8OfWHDQPISVpcl5xZthb+XPsbELj5AQXxIC8IriDZIQYjBJPEm5rS420sjZ0TLEzRcq5KdBhYrQ=="],

    "markdown-magic": ["markdown-magic@4.9.0", "", { "dependencies": { "@davidwells/dx-args": "0.2.0", "@davidwells/md-utils": "0.0.53", "color-convert": "^2.0.1", "comment-block-parser": "1.6.0", "comment-block-replacer": "0.1.19", "comment-block-transformer": "0.8.0", "globrex": "^0.1.2", "gray-matter": "^4.0.3", "is-glob": "^4.0.3", "is-local-path": "^0.1.6", "is-valid-path": "^0.1.1", "micro-mdx-parser": "^1.1.0", "module-alias": "^2.2.3", "mri": "^1.2.0", "node-fetch": "^2.7.0", "punycode": "^2.3.1", "smart-glob": "^1.0.2", "string-width": "^4.2.3" }, "bin": { "markdown": "cli.js", "md-magic": "cli.js", "mdm": "cli.js" } }, "sha512-28CXy0TmjzEEIFVv23OjtUaRDh5vDXFVLl38hYGGbtwQI0l47nRQDEoerBjx/q+6UE3CQCzyYh9wHIec2kHteA=="],

    "memoizee": ["memoizee@0.4.17", "", { "dependencies": { "d": "^1.0.2", "es5-ext": "^0.10.64", "es6-weak-map": "^2.0.3", "event-emitter": "^0.3.5", "is-promise": "^2.2.2", "lru-queue": "^0.1.0", "next-tick": "^1.1.0", "timers-ext": "^0.1.7" } }, "sha512-DGqD7Hjpi/1or4F/aYAspXKNm5Yili0QDAFAY4QYvpqpgiY6+1jOfqpmByzjxbWd/T9mChbCArXAbDAsTm5oXA=="],

    "micro-mdx-parser": ["micro-mdx-parser@1.1.24", "", { "dependencies": { "oparser": "^3.0.22" } }, "sha512-wZX6iyPDHsAXTw+t9nYbP5cCVr+OHDaxm5E/+rTI5yHFrqRUxNExLFX2EN0XlyjBNF5RjCTiSFsoi7ixVgYFuw=="],

    "module-alias": ["module-alias@2.3.4", "", {}, "sha512-bOclZt8hkpuGgSSoG07PKmvzTizROilUTvLNyrMqvlC9snhs7y7GzjNWAVbISIOlhCP1T14rH1PDAV9iNyBq/w=="],

    "mri": ["mri@1.2.0", "", {}, "sha512-tzzskb3bG8LvYGFF/mDTpq3jpI6Q9wc3LEmBaghu+DdCssd1FakN7Bc0hVNmEyGq1bq3RgfkCb3cmQLpNPOroA=="],

    "next-tick": ["next-tick@1.1.0", "", {}, "sha512-CXdUiJembsNjuToQvxayPZF9Vqht7hewsvy2sOWafLvi2awflj9mOC6bHIg50orX8IJvWKY9wYQ/zB2kogPslQ=="],

    "node-fetch": ["node-fetch@2.7.0", "", { "dependencies": { "whatwg-url": "^5.0.0" }, "peerDependencies": { "encoding": "^0.1.0" }, "optionalPeers": ["encoding"] }, "sha512-c4FRfUm/dbcWZ7U+1Wq0AwCyFL+3nt2bEw05wfxSz+DWpWsitgmSgYmy2dQdWyKC1694ELPqMs/YzUSNozLt8A=="],

    "oparser": ["oparser@3.1.0", "", { "dependencies": { "json-alexander": "^0.1.14" } }, "sha512-IWwRmlfF2b+yKXO9Ol+0q6B1LnhQAxcIuhr1GvpttIsCkJ0EKSHV46v7BdBnuFzrChydm8+I2g0vdP8CQXNkJw=="],

    "p-limit": ["p-limit@7.2.0", "", { "dependencies": { "yocto-queue": "^1.2.1" } }, "sha512-ATHLtwoTNDloHRFFxFJdHnG6n2WUeFjaR8XQMFdKIv0xkXjrER8/iG9iu265jOM95zXHAfv9oTkqhrfbIzosrQ=="],

    "promisify-child-process": ["promisify-child-process@4.1.2", "", {}, "sha512-APnkIgmaHNJpkAn7k+CrJSi9WMuff5ctYFbD0CO2XIPkM8yO7d/ShouU2clywbpHV/DUsyc4bpJCsNgddNtx4g=="],

    "punycode": ["punycode@2.3.1", "", {}, "sha512-vYt7UD1U9Wg6138shLtLOvdAu+8DsC/ilFtEVHcH+wydcSpNE20AfSOduf6MkRFahL5FY7X1oU7nKVZFtfq8Fg=="],

    "require-directory": ["require-directory@2.1.1", "", {}, "sha512-fGxEI7+wsG9xrvdjsrlmL22OMTTiHRwAMroiEeMgq8gzoLC/PQr7RsRDSTLUg/bZAZtF+TVIkHc6/4RIKrui+Q=="],

    "section-matter": ["section-matter@1.0.0", "", { "dependencies": { "extend-shallow": "^2.0.1", "kind-of": "^6.0.0" } }, "sha512-vfD3pmTzGpufjScBh50YHKzEu2lxBWhVEHsNGoEXmCmn2hKGfeNLYMzCJpe8cD7gqX7TJluOVpBkAequ6dgMmA=="],

    "slash": ["slash@3.0.0", "", {}, "sha512-g9Q1haeby36OSStwb4ntCGGGaKsaVSjQ68fBxoQcutl5fS1vuY18H3wSt3jFyFtrkx+Kz0V1G85A4MyAdDMi2Q=="],

    "smart-glob": ["smart-glob@1.0.2", "", { "dependencies": { "globalyzer": "^0.1.4", "globrex": "^0.1.2", "lodash": "^4.17.20", "memoizee": "^0.4.14", "promisify-child-process": "^4.1.1", "slash": "^3.0.0", "tslib": "^2.0.0", "yargs": "^16.0.3" }, "bin": { "smart-glob": "dist/bin.js" } }, "sha512-2vtznbLOW+7sL9xUhJNszHw7lEeigPbkp6l42gCbY6uMzC9MSyroIMBLO1PtsEoq7PG1NGF99VNt9sCC2D/bTw=="],

    "sprintf-js": ["sprintf-js@1.0.3", "", {}, "sha512-D9cPgkvLlV3t3IzL0D0YLvGA9Ahk4PcvVwUbN0dSGr1aP0Nrt4AEnTUbuGvquEC0mA64Gqt1fzirlRs5ibXx8g=="],

    "string-width": ["string-width@4.2.3", "", { "dependencies": { "emoji-regex": "^8.0.0", "is-fullwidth-code-point": "^3.0.0", "strip-ansi": "^6.0.1" } }, "sha512-wKyQRQpjJ0sIp62ErSZdGsjMJWsap5oRNihHhu6G7JVO/9jIB6UyevL+tXuOqrng8j/cxKTWyWUwvSTriiZz/g=="],

    "strip-ansi": ["strip-ansi@6.0.1", "", { "dependencies": { "ansi-regex": "^5.0.1" } }, "sha512-Y38VPSHcqkFrCpFnQ9vuSXmquuv5oXOKpGeT6aGrr3o3Gc9AlVa6JBfUSOCnbxGGZF+/0ooI7KrPuUSztUdU5A=="],

    "strip-bom-string": ["strip-bom-string@1.0.0", "", {}, "sha512-uCC2VHvQRYu+lMh4My/sFNmF2klFymLX1wHJeXnbEJERpV/ZsVuonzerjfrGpIGF7LBVa1O7i9kjiWvJiFck8g=="],

    "timers-ext": ["timers-ext@0.1.8", "", { "dependencies": { "es5-ext": "^0.10.64", "next-tick": "^1.1.0" } }, "sha512-wFH7+SEAcKfJpfLPkrgMPvvwnEtj8W4IurvEyrKsDleXnKLCDw71w8jltvfLa8Rm4qQxxT4jmDBYbJG/z7qoww=="],

    "tr46": ["tr46@0.0.3", "", {}, "sha512-N3WMsuqV66lT30CrXNbEjx4GEwlow3v6rr4mCcv6prnfwhS01rkgyFdjPNBYd9br7LpXV1+Emh01fHnq2Gdgrw=="],

    "tslib": ["tslib@2.8.1", "", {}, "sha512-oJFu94HQb+KVduSUQL7wnpmqnfmLsOA/nAh6b6EH0wCEoK0/mPeXU6c3wKDV83MkOuHPRHtSXKKU99IBazS/2w=="],

    "type": ["type@2.7.3", "", {}, "sha512-8j+1QmAbPvLZow5Qpi6NCaN8FB60p/6x8/vfNqOk/hC+HuvFZhL4+WfekuhQLiqFZXOgQdrs3B+XxEmCc6b3FQ=="],

    "webidl-conversions": ["webidl-conversions@3.0.1", "", {}, "sha512-2JAn3z8AR6rjK8Sm8orRC0h/bcl/DqL7tRPdGZ4I1CjdF+EaMLmYxBHyXuKL849eucPFhvBoxMsflfOb8kxaeQ=="],

    "whatwg-url": ["whatwg-url@5.0.0", "", { "dependencies": { "tr46": "~0.0.3", "webidl-conversions": "^3.0.0" } }, "sha512-saE57nupxk6v3HY35+jzBwYa0rKSy0XR8JSxZPwgLr7ys0IBzhGviA1/TUGJLmSVqs8pb9AnvICXEuOHLprYTw=="],

    "wrap-ansi": ["wrap-ansi@7.0.0", "", { "dependencies": { "ansi-styles": "^4.0.0", "string-width": "^4.1.0", "strip-ansi": "^6.0.0" } }, "sha512-YVGIj2kamLSTxw6NsZjoBxfSwsn0ycdesmc4p+Q21c5zPuZ1pl+NfxVdxPtdHvmNVOQ6XSYG4AUtyt/Fi7D16Q=="],

    "y18n": ["y18n@5.0.8", "", {}, "sha512-0pfFzegeDWJHJIAmTLRP2DwHjdF5s7jo9tuztdQxAhINCdvS+3nGINqPd00AphqJR/0LhANUS6/+7SCb98YOfA=="],

    "yargs": ["yargs@16.2.0", "", { "dependencies": { "cliui": "^7.0.2", "escalade": "^3.1.1", "get-caller-file": "^2.0.5", "require-directory": "^2.1.1", "string-width": "^4.2.0", "y18n": "^5.0.5", "yargs-parser": "^20.2.2" } }, "sha512-D1mvvtDG0L5ft/jGWkLpG1+m0eQxOfaBvTNELraWj22wSVUMWxZUvYgJYcKh6jGGIkJFhH4IZPQhR4TKpc8mBw=="],

    "yargs-parser": ["yargs-parser@20.2.9", "", {}, "sha512-y11nGElTIV+CT3Zv9t7VKl+Q3hTQoT9a1Qzezhhl6Rp21gJ/IVTW7Z3y9EWXhuUBC2Shnf+DX0antecpAwSP8w=="],

    "yocto-queue": ["yocto-queue@1.2.2", "", {}, "sha512-4LCcse/U2MHZ63HAJVE+v71o7yOdIe4cZ70Wpf8D/IyjDKYQLV5GD46B+hSTjJsvV5PztjvHoU580EftxjDZFQ=="],

    "is-invalid-path/is-glob": ["is-glob@2.0.1", "", { "dependencies": { "is-extglob": "^1.0.0" } }, "sha512-a1dBeB19NXsf/E0+FHqkagizel/LQw2DjSQpvQrj3zT+jYPpaUCryPnrQajXKFLCMuf4I6FhRpaGtw4lPrG6Eg=="],

    "is-invalid-path/is-glob/is-extglob": ["is-extglob@1.0.0", "", {}, "sha512-7Q+VbVafe6x2T+Tu6NcOf6sRklazEPmBoB3IWk3WdGZM2iGUwU/Oe3Wtq5lSEkDTTlpp8yx+5t4pzO/i9Ty1ww=="],
  }
}
