{
  "lockfileVersion": 1,
  "workspaces": {
    "": {
      "dependencies": {
        "p-limit": "^7.2.0",
      },
    },
  },
  "packages": {
    "p-limit": ["p-limit@7.2.0", "", { "dependencies": { "yocto-queue": "^1.2.1" } }, "sha512-ATHLtwoTNDloHRFFxFJdHnG6n2WUeFjaR8XQMFdKIv0xkXjrER8/iG9iu265jOM95zXHAfv9oTkqhrfbIzosrQ=="],

    "yocto-queue": ["yocto-queue@1.2.2", "", {}, "sha512-4LCcse/U2MHZ63HAJVE+v71o7yOdIe4cZ70Wpf8D/IyjDKYQLV5GD46B+hSTjJsvV5PztjvHoU580EftxjDZFQ=="],
  }
}
