name: consult-stuck-unblock
description: Consult handles stuck mode for loop integration
plugin: hope
skill: hope:consult
acceptableSkills:
  - consult
  - hope:consult
  - hope:panel
prompt: "/hope:panel stuck on 'Add ValidationError import to auth.ts': Module not found: './errors'"
expectedBehaviors:
  - "Error summary extracted"
  - "Multiple expert perspectives on diagnosis"
  - "Consensus recommendation with confidence"
  - "Actionable next steps provided"
